
Microsoft Visual Studio Solution File, Format Version 12.00
# Visual Studio 15
VisualStudioVersion = 15.0.27130.2010
MinimumVisualStudioVersion = 10.0.40219.1
Project("{FAE04EC0-301F-11D3-BF4B-00C04F79EFBC}") = "ShopLibrary", "ShopLibrary\ShopLibrary.csproj", "{78F6CDC3-7345-43D5-89FE-559F7CEE910B}"
EndProject
Global
	GlobalSection(SolutionConfigurationPlatforms) = preSolution
		Debug|Any CPU = Debug|Any CPU
		Release|Any CPU = Release|Any CPU
	EndGlobalSection
	GlobalSection(ProjectConfigurationPlatforms) = postSolution
		{78F6CDC3-7345-43D5-89FE-559F7CEE910B}.Debug|Any CPU.ActiveCfg = Debug|Any CPU
		{78F6CDC3-7345-43D5-89FE-559F7CEE910B}.Debug|Any CPU.Build.0 = Debug|Any CPU
		{78F6CDC3-7345-43D5-89FE-559F7CEE910B}.Release|Any CPU.ActiveCfg = Release|Any CPU
		{78F6CDC3-7345-43D5-89FE-559F7CEE910B}.Release|Any CPU.Build.0 = Release|Any CPU
	EndGlobalSection
	GlobalSection(SolutionProperties) = preSolution
		HideSolutionNode = FALSE
	EndGlobalSection
	GlobalSection(ExtensibilityGlobals) = postSolution
		SolutionGuid = {E7EC69D6-2212-4EA5-BD9A-C8CE18489C40}
	EndGlobalSection
EndGlobal
