
Microsoft Visual Studio Solution File, Format Version 12.00
# Visual Studio 15
VisualStudioVersion = 15.0.27130.2010
MinimumVisualStudioVersion = 10.0.40219.1
Project("{FAE04EC0-301F-11D3-BF4B-00C04F79EFBC}") = "ShopLibrary", "ShopLibrary\ShopLibrary.csproj", "{78F6CDC3-7345-43D5-89FE-559F7CEE910B}"
EndProject
Project("{FAE04EC0-301F-11D3-BF4B-00C04F79EFBC}") = "ExcelReader", "ExcelReader\ExcelReader.csproj", "{6B53FBAB-9BBC-4436-BFDA-E62D98D7E6A9}"
EndProject
Project("{FAE04EC0-301F-11D3-BF4B-00C04F79EFBC}") = "ConsoleUI", "ConsoleUI\ConsoleUI.csproj", "{D4771BB1-6D4B-4BFE-B8BB-887A0F17071C}"
EndProject
Project("{FAE04EC0-301F-11D3-BF4B-00C04F79EFBC}") = "WinFormsUI", "WinFormsUI\WinFormsUI.csproj", "{DE26BA87-C7A1-4D1B-B2F6-01BA36E545C7}"
EndProject
Global
	GlobalSection(SolutionConfigurationPlatforms) = preSolution
		Debug|Any CPU = Debug|Any CPU
		Release|Any CPU = Release|Any CPU
	EndGlobalSection
	GlobalSection(ProjectConfigurationPlatforms) = postSolution
		{78F6CDC3-7345-43D5-89FE-559F7CEE910B}.Debug|Any CPU.ActiveCfg = Debug|Any CPU
		{78F6CDC3-7345-43D5-89FE-559F7CEE910B}.Debug|Any CPU.Build.0 = Debug|Any CPU
		{78F6CDC3-7345-43D5-89FE-559F7CEE910B}.Release|Any CPU.ActiveCfg = Release|Any CPU
		{78F6CDC3-7345-43D5-89FE-559F7CEE910B}.Release|Any CPU.Build.0 = Release|Any CPU
		{6B53FBAB-9BBC-4436-BFDA-E62D98D7E6A9}.Debug|Any CPU.ActiveCfg = Debug|Any CPU
		{6B53FBAB-9BBC-4436-BFDA-E62D98D7E6A9}.Debug|Any CPU.Build.0 = Debug|Any CPU
		{6B53FBAB-9BBC-4436-BFDA-E62D98D7E6A9}.Release|Any CPU.ActiveCfg = Release|Any CPU
		{6B53FBAB-9BBC-4436-BFDA-E62D98D7E6A9}.Release|Any CPU.Build.0 = Release|Any CPU
		{D4771BB1-6D4B-4BFE-B8BB-887A0F17071C}.Debug|Any CPU.ActiveCfg = Debug|Any CPU
		{D4771BB1-6D4B-4BFE-B8BB-887A0F17071C}.Debug|Any CPU.Build.0 = Debug|Any CPU
		{D4771BB1-6D4B-4BFE-B8BB-887A0F17071C}.Release|Any CPU.ActiveCfg = Release|Any CPU
		{D4771BB1-6D4B-4BFE-B8BB-887A0F17071C}.Release|Any CPU.Build.0 = Release|Any CPU
		{DE26BA87-C7A1-4D1B-B2F6-01BA36E545C7}.Debug|Any CPU.ActiveCfg = Debug|Any CPU
		{DE26BA87-C7A1-4D1B-B2F6-01BA36E545C7}.Debug|Any CPU.Build.0 = Debug|Any CPU
		{DE26BA87-C7A1-4D1B-B2F6-01BA36E545C7}.Release|Any CPU.ActiveCfg = Release|Any CPU
		{DE26BA87-C7A1-4D1B-B2F6-01BA36E545C7}.Release|Any CPU.Build.0 = Release|Any CPU
	EndGlobalSection
	GlobalSection(SolutionProperties) = preSolution
		HideSolutionNode = FALSE
	EndGlobalSection
	GlobalSection(ExtensibilityGlobals) = postSolution
		SolutionGuid = {E7EC69D6-2212-4EA5-BD9A-C8CE18489C40}
	EndGlobalSection
EndGlobal
